
Microsoft Visual Studio Solution File, Format Version 12.00
# Visual Studio Version 17
VisualStudioVersion = 17.4.33122.133
MinimumVisualStudioVersion = 10.0.40219.1
Project("{FAE04EC0-301F-11D3-BF4B-00C04F79EFBC}") = "Bunker", "Bunker\Bunker.csproj", "{C0380036-AC71-4E8F-903C-D78D98B05172}"
EndProject
Global
	GlobalSection(SolutionConfigurationPlatforms) = preSolution
		Debug|Any CPU = Debug|Any CPU
		Release|Any CPU = Release|Any CPU
	EndGlobalSection
	GlobalSection(ProjectConfigurationPlatforms) = postSolution
		{C0380036-AC71-4E8F-903C-D78D98B05172}.Debug|Any CPU.ActiveCfg = Debug|Any CPU
		{C0380036-AC71-4E8F-903C-D78D98B05172}.Debug|Any CPU.Build.0 = Debug|Any CPU
		{C0380036-AC71-4E8F-903C-D78D98B05172}.Release|Any CPU.ActiveCfg = Release|Any CPU
		{C0380036-AC71-4E8F-903C-D78D98B05172}.Release|Any CPU.Build.0 = Release|Any CPU
	EndGlobalSection
	GlobalSection(SolutionProperties) = preSolution
		HideSolutionNode = FALSE
	EndGlobalSection
	GlobalSection(ExtensibilityGlobals) = postSolution
		SolutionGuid = {712756F1-EAC4-4DB6-B5AC-BC582A7023AE}
	EndGlobalSection
EndGlobal
